
Microsoft Visual Studio Solution File, Format Version 12.00
# Visual Studio Version 16
VisualStudioVersion = 16.0.31729.503
MinimumVisualStudioVersion = 10.0.40219.1
Project("{FAE04EC0-301F-11D3-BF4B-00C04F79EFBC}") = "Operadores_Condicionais", "Operadores_Condicionais\Operadores_Condicionais.csproj", "{2C6F4358-73A4-46C0-A3E8-A3CA8394B582}"
EndProject
Global
	GlobalSection(SolutionConfigurationPlatforms) = preSolution
		Debug|Any CPU = Debug|Any CPU
		Release|Any CPU = Release|Any CPU
	EndGlobalSection
	GlobalSection(ProjectConfigurationPlatforms) = postSolution
		{2C6F4358-73A4-46C0-A3E8-A3CA8394B582}.Debug|Any CPU.ActiveCfg = Debug|Any CPU
		{2C6F4358-73A4-46C0-A3E8-A3CA8394B582}.Debug|Any CPU.Build.0 = Debug|Any CPU
		{2C6F4358-73A4-46C0-A3E8-A3CA8394B582}.Release|Any CPU.ActiveCfg = Release|Any CPU
		{2C6F4358-73A4-46C0-A3E8-A3CA8394B582}.Release|Any CPU.Build.0 = Release|Any CPU
	EndGlobalSection
	GlobalSection(SolutionProperties) = preSolution
		HideSolutionNode = FALSE
	EndGlobalSection
	GlobalSection(ExtensibilityGlobals) = postSolution
		SolutionGuid = {D0A770CF-7C0D-45C7-A231-5EAA9DE7EFD9}
	EndGlobalSection
EndGlobal
