
Microsoft Visual Studio Solution File, Format Version 12.00
# Visual Studio Version 16
VisualStudioVersion = 16.0.31729.503
MinimumVisualStudioVersion = 10.0.40219.1
Project("{FAE04EC0-301F-11D3-BF4B-00C04F79EFBC}") = "Tipos_de_variaveis", "Tipos_de_variaveis\Tipos_de_variaveis.csproj", "{5AD14E94-8AA8-4E99-8ED8-F9DFA32A3EFF}"
EndProject
Global
	GlobalSection(SolutionConfigurationPlatforms) = preSolution
		Debug|Any CPU = Debug|Any CPU
		Release|Any CPU = Release|Any CPU
	EndGlobalSection
	GlobalSection(ProjectConfigurationPlatforms) = postSolution
		{5AD14E94-8AA8-4E99-8ED8-F9DFA32A3EFF}.Debug|Any CPU.ActiveCfg = Debug|Any CPU
		{5AD14E94-8AA8-4E99-8ED8-F9DFA32A3EFF}.Debug|Any CPU.Build.0 = Debug|Any CPU
		{5AD14E94-8AA8-4E99-8ED8-F9DFA32A3EFF}.Release|Any CPU.ActiveCfg = Release|Any CPU
		{5AD14E94-8AA8-4E99-8ED8-F9DFA32A3EFF}.Release|Any CPU.Build.0 = Release|Any CPU
	EndGlobalSection
	GlobalSection(SolutionProperties) = preSolution
		HideSolutionNode = FALSE
	EndGlobalSection
	GlobalSection(ExtensibilityGlobals) = postSolution
		SolutionGuid = {957805F3-1B63-468D-82CE-D0C3DC63B8F8}
	EndGlobalSection
EndGlobal
